
Microsoft Visual Studio Solution File, Format Version 12.00
# Visual Studio 14
VisualStudioVersion = 14.0.25420.1
MinimumVisualStudioVersion = 10.0.40219.1
Project("{FAE04EC0-301F-11D3-BF4B-00C04F79EFBC}") = "UnitTestSample", "UnitTestSample\UnitTestSample.csproj", "{5B4FB9BA-363A-4EF1-A340-0CA5291ED45D}"
EndProject
Project("{FAE04EC0-301F-11D3-BF4B-00C04F79EFBC}") = "UnitTestSample.Tests", "UnitTestSample.Tests\UnitTestSample.Tests.csproj", "{4B93DAC3-3639-4D66-83EF-03EB6D34A39B}"
EndProject
Global
	GlobalSection(SolutionConfigurationPlatforms) = preSolution
		Debug|Any CPU = Debug|Any CPU
		Release|Any CPU = Release|Any CPU
	EndGlobalSection
	GlobalSection(ProjectConfigurationPlatforms) = postSolution
		{5B4FB9BA-363A-4EF1-A340-0CA5291ED45D}.Debug|Any CPU.ActiveCfg = Debug|Any CPU
		{5B4FB9BA-363A-4EF1-A340-0CA5291ED45D}.Debug|Any CPU.Build.0 = Debug|Any CPU
		{5B4FB9BA-363A-4EF1-A340-0CA5291ED45D}.Release|Any CPU.ActiveCfg = Release|Any CPU
		{5B4FB9BA-363A-4EF1-A340-0CA5291ED45D}.Release|Any CPU.Build.0 = Release|Any CPU
		{4B93DAC3-3639-4D66-83EF-03EB6D34A39B}.Debug|Any CPU.ActiveCfg = Debug|Any CPU
		{4B93DAC3-3639-4D66-83EF-03EB6D34A39B}.Debug|Any CPU.Build.0 = Debug|Any CPU
		{4B93DAC3-3639-4D66-83EF-03EB6D34A39B}.Release|Any CPU.ActiveCfg = Release|Any CPU
		{4B93DAC3-3639-4D66-83EF-03EB6D34A39B}.Release|Any CPU.Build.0 = Release|Any CPU
	EndGlobalSection
	GlobalSection(SolutionProperties) = preSolution
		HideSolutionNode = FALSE
	EndGlobalSection
EndGlobal
